PODS:
  - LookinServer (1.2.8):
    - LookinServer/Core (= 1.2.8)
  - LookinServer/Core (1.2.8)

DEPENDENCIES:
  - LookinServer

SPEC REPOS:
  trunk:
    - LookinServer

SPEC CHECKSUMS:
  LookinServer: 1b2b61c6402ae29fa22182d48f5cd067b4e99e80

PODFILE CHECKSUM: 13d409c99a91c0b0d84c97f5f2d1172bc8d1a849

COCOAPODS: 1.15.2
